
Microsoft Visual Studio Solution File, Format Version 12.00
# Visual Studio Version 17
VisualStudioVersion = 17.11.35327.3
MinimumVisualStudioVersion = 10.0.40219.1
Project("{2150E333-8FDC-42A3-9474-1A3956D46DE8}") = "src", "src", "{123F83FF-D4F9-453D-B311-0F7E95308F84}"
EndProject
Project("{9A19103F-16F7-4668-BE54-9A1E7A4F7556}") = "DbiProject.Infrastructure", "DbiProject.Infrastructure\DbiProject.Infrastructure.csproj", "{37D34FC8-3B9C-438A-8DB7-C645F75C9059}"
EndProject
Project("{FAE04EC0-301F-11D3-BF4B-00C04F79EFBC}") = "DbiProject.API", "DbiProject.API\DbiProject.API.csproj", "{81F2F783-3FAC-4D4C-B9B0-83C3CB7371E6}"
EndProject
Global
	GlobalSection(SolutionConfigurationPlatforms) = preSolution
		Debug|Any CPU = Debug|Any CPU
		Release|Any CPU = Release|Any CPU
	EndGlobalSection
	GlobalSection(ProjectConfigurationPlatforms) = postSolution
		{37D34FC8-3B9C-438A-8DB7-C645F75C9059}.Debug|Any CPU.ActiveCfg = Debug|Any CPU
		{37D34FC8-3B9C-438A-8DB7-C645F75C9059}.Debug|Any CPU.Build.0 = Debug|Any CPU
		{37D34FC8-3B9C-438A-8DB7-C645F75C9059}.Release|Any CPU.ActiveCfg = Release|Any CPU
		{37D34FC8-3B9C-438A-8DB7-C645F75C9059}.Release|Any CPU.Build.0 = Release|Any CPU
		{81F2F783-3FAC-4D4C-B9B0-83C3CB7371E6}.Debug|Any CPU.ActiveCfg = Debug|Any CPU
		{81F2F783-3FAC-4D4C-B9B0-83C3CB7371E6}.Debug|Any CPU.Build.0 = Debug|Any CPU
		{81F2F783-3FAC-4D4C-B9B0-83C3CB7371E6}.Release|Any CPU.ActiveCfg = Release|Any CPU
		{81F2F783-3FAC-4D4C-B9B0-83C3CB7371E6}.Release|Any CPU.Build.0 = Release|Any CPU
	EndGlobalSection
	GlobalSection(SolutionProperties) = preSolution
		HideSolutionNode = FALSE
	EndGlobalSection
	GlobalSection(NestedProjects) = preSolution
		{37D34FC8-3B9C-438A-8DB7-C645F75C9059} = {123F83FF-D4F9-453D-B311-0F7E95308F84}
		{81F2F783-3FAC-4D4C-B9B0-83C3CB7371E6} = {123F83FF-D4F9-453D-B311-0F7E95308F84}
	EndGlobalSection
	GlobalSection(ExtensibilityGlobals) = postSolution
		SolutionGuid = {9E7C16C2-FFD0-4FCA-9996-187C50A9403B}
	EndGlobalSection
EndGlobal
